
Microsoft Visual Studio Solution File, Format Version 12.00
# Visual Studio Version 16
VisualStudioVersion = 16.0.29519.181
MinimumVisualStudioVersion = 10.0.40219.1
Project("{FAE04EC0-301F-11D3-BF4B-00C04F79EFBC}") = "KütüphaneAnaMenü", "KütüphaneAnaMenü\KütüphaneAnaMenü.csproj", "{37F22306-8BBB-4F8B-931A-4EFC3BE106E8}"
EndProject
Global
	GlobalSection(SolutionConfigurationPlatforms) = preSolution
		Debug|Any CPU = Debug|Any CPU
		Release|Any CPU = Release|Any CPU
	EndGlobalSection
	GlobalSection(ProjectConfigurationPlatforms) = postSolution
		{37F22306-8BBB-4F8B-931A-4EFC3BE106E8}.Debug|Any CPU.ActiveCfg = Debug|Any CPU
		{37F22306-8BBB-4F8B-931A-4EFC3BE106E8}.Debug|Any CPU.Build.0 = Debug|Any CPU
		{37F22306-8BBB-4F8B-931A-4EFC3BE106E8}.Release|Any CPU.ActiveCfg = Release|Any CPU
		{37F22306-8BBB-4F8B-931A-4EFC3BE106E8}.Release|Any CPU.Build.0 = Release|Any CPU
	EndGlobalSection
	GlobalSection(SolutionProperties) = preSolution
		HideSolutionNode = FALSE
	EndGlobalSection
	GlobalSection(ExtensibilityGlobals) = postSolution
		SolutionGuid = {28A605FC-8DDA-47BA-AC07-DD770C640F94}
	EndGlobalSection
EndGlobal
